
Microsoft Visual Studio Solution File, Format Version 12.00
# Visual Studio 14
VisualStudioVersion = 14.0.25420.1
MinimumVisualStudioVersion = 10.0.40219.1
Project("{FAE04EC0-301F-11D3-BF4B-00C04F79EFBC}") = "Cliente.Web", "Cliente.Web\Cliente.Web.csproj", "{8E6A15D7-20D7-4CD8-B615-3F9CA170CCDD}"
EndProject
Project("{FAE04EC0-301F-11D3-BF4B-00C04F79EFBC}") = "Cliente.Api", "Cliente.Api\Cliente.Api.csproj", "{AADCE970-0B28-4A63-B87D-43C0928BC5BC}"
EndProject
Project("{2150E333-8FDC-42A3-9474-1A3956D46DE8}") = "1 - Web", "1 - Web", "{B24917DB-FB4E-47A3-B54D-A5442590ED92}"
EndProject
Project("{2150E333-8FDC-42A3-9474-1A3956D46DE8}") = "2 - Api", "2 - Api", "{A46CEDEA-EB27-44FE-9028-AD3075857DF7}"
EndProject
Global
	GlobalSection(SolutionConfigurationPlatforms) = preSolution
		Debug|Any CPU = Debug|Any CPU
		Release|Any CPU = Release|Any CPU
	EndGlobalSection
	GlobalSection(ProjectConfigurationPlatforms) = postSolution
		{8E6A15D7-20D7-4CD8-B615-3F9CA170CCDD}.Debug|Any CPU.ActiveCfg = Debug|Any CPU
		{8E6A15D7-20D7-4CD8-B615-3F9CA170CCDD}.Debug|Any CPU.Build.0 = Debug|Any CPU
		{8E6A15D7-20D7-4CD8-B615-3F9CA170CCDD}.Release|Any CPU.ActiveCfg = Release|Any CPU
		{8E6A15D7-20D7-4CD8-B615-3F9CA170CCDD}.Release|Any CPU.Build.0 = Release|Any CPU
		{AADCE970-0B28-4A63-B87D-43C0928BC5BC}.Debug|Any CPU.ActiveCfg = Debug|Any CPU
		{AADCE970-0B28-4A63-B87D-43C0928BC5BC}.Debug|Any CPU.Build.0 = Debug|Any CPU
		{AADCE970-0B28-4A63-B87D-43C0928BC5BC}.Release|Any CPU.ActiveCfg = Release|Any CPU
		{AADCE970-0B28-4A63-B87D-43C0928BC5BC}.Release|Any CPU.Build.0 = Release|Any CPU
	EndGlobalSection
	GlobalSection(SolutionProperties) = preSolution
		HideSolutionNode = FALSE
	EndGlobalSection
	GlobalSection(NestedProjects) = preSolution
		{8E6A15D7-20D7-4CD8-B615-3F9CA170CCDD} = {B24917DB-FB4E-47A3-B54D-A5442590ED92}
		{AADCE970-0B28-4A63-B87D-43C0928BC5BC} = {A46CEDEA-EB27-44FE-9028-AD3075857DF7}
	EndGlobalSection
EndGlobal
